
Microsoft Visual Studio Solution File, Format Version 11.00
# Visual Studio 2010
Project("{FAE04EC0-301F-11D3-BF4B-00C04F79EFBC}") = "Assembly-CSharp", "Assembly-CSharp.csproj", "{d17cbf6d-e791-a8fc-6521-fc0d05c06216}"
EndProject
Project("{FAE04EC0-301F-11D3-BF4B-00C04F79EFBC}") = "Assembly-CSharp-firstpass", "Assembly-CSharp-firstpass.csproj", "{91b47134-e547-0085-5ef0-b42d22d68d32}"
EndProject
Project("{FAE04EC0-301F-11D3-BF4B-00C04F79EFBC}") = "Assembly-CSharp-Editor", "Assembly-CSharp-Editor.csproj", "{ef26cb2e-2b73-015f-9c9c-75869a5c6934}"
EndProject
Project("{FAE04EC0-301F-11D3-BF4B-00C04F79EFBC}") = "Assembly-CSharp-Editor-firstpass", "Assembly-CSharp-Editor-firstpass.csproj", "{461d993e-f476-41e8-8255-852234860490}"
EndProject
Global
	GlobalSection(SolutionConfigurationPlatforms) = preSolution
		Debug|Any CPU = Debug|Any CPU
		Release|Any CPU = Release|Any CPU
	EndGlobalSection
	GlobalSection(ProjectConfigurationPlatforms) = postSolution
		{d17cbf6d-e791-a8fc-6521-fc0d05c06216}.Debug|Any CPU.ActiveCfg = Debug|Any CPU
		{d17cbf6d-e791-a8fc-6521-fc0d05c06216}.Debug|Any CPU.Build.0 = Debug|Any CPU
		{d17cbf6d-e791-a8fc-6521-fc0d05c06216}.Release|Any CPU.ActiveCfg = Release|Any CPU
		{d17cbf6d-e791-a8fc-6521-fc0d05c06216}.Release|Any CPU.Build.0 = Release|Any CPU
		{91b47134-e547-0085-5ef0-b42d22d68d32}.Debug|Any CPU.ActiveCfg = Debug|Any CPU
		{91b47134-e547-0085-5ef0-b42d22d68d32}.Debug|Any CPU.Build.0 = Debug|Any CPU
		{91b47134-e547-0085-5ef0-b42d22d68d32}.Release|Any CPU.ActiveCfg = Release|Any CPU
		{91b47134-e547-0085-5ef0-b42d22d68d32}.Release|Any CPU.Build.0 = Release|Any CPU
		{ef26cb2e-2b73-015f-9c9c-75869a5c6934}.Debug|Any CPU.ActiveCfg = Debug|Any CPU
		{ef26cb2e-2b73-015f-9c9c-75869a5c6934}.Debug|Any CPU.Build.0 = Debug|Any CPU
		{ef26cb2e-2b73-015f-9c9c-75869a5c6934}.Release|Any CPU.ActiveCfg = Release|Any CPU
		{ef26cb2e-2b73-015f-9c9c-75869a5c6934}.Release|Any CPU.Build.0 = Release|Any CPU
		{461d993e-f476-41e8-8255-852234860490}.Debug|Any CPU.ActiveCfg = Debug|Any CPU
		{461d993e-f476-41e8-8255-852234860490}.Debug|Any CPU.Build.0 = Debug|Any CPU
		{461d993e-f476-41e8-8255-852234860490}.Release|Any CPU.ActiveCfg = Release|Any CPU
		{461d993e-f476-41e8-8255-852234860490}.Release|Any CPU.Build.0 = Release|Any CPU
	EndGlobalSection
	GlobalSection(SolutionProperties) = preSolution
		HideSolutionNode = FALSE
	EndGlobalSection
EndGlobal
